PODS:
  - cmark-bridge (0.2.1)
  - Expecta (0.3.2)
  - Expecta+Snapshots (1.3.2):
    - Expecta (~> 0.3)
    - FBSnapshotTestCase (= 1.6)
  - FBSnapshotTestCase (1.6)
  - Specta (0.5.0)
  - Tribute (0.1.0):
    - cmark-bridge

DEPENDENCIES:
  - Expecta
  - Expecta+Snapshots
  - FBSnapshotTestCase
  - Specta
  - Tribute (from `../`)

EXTERNAL SOURCES:
  Tribute:
    :path: "../"

SPEC CHECKSUMS:
  cmark-bridge: 7c8e45ca8be6707c9f7c007a767e0f8a9232b44d
  Expecta: 8c507baf13211207b1e9d0a741480600e6b4ed15
  Expecta+Snapshots: 40c5ec43b43da3bae957f14fed5dc9177d08ec8b
  FBSnapshotTestCase: 9d5fe43b29ae3a0ed8fc829477971b281038f748
  Specta: eb90708ed77569bbda089f8ead10bb99b8e9489e
  Tribute: 6b9fb27335cb85033267c5463fd03d750e0d0332

COCOAPODS: 0.36.3
